
Microsoft Visual Studio Solution File, Format Version 12.00
Project("{FAE04EC0-301F-11D3-BF4B-00C04F79EFBC}") = "RaccoonSql.Core", "RaccoonSql.Core\RaccoonSql.Core.csproj", "{1C5F593E-1D47-4858-9DC9-E866D5F09C32}"
EndProject
Project("{FAE04EC0-301F-11D3-BF4B-00C04F79EFBC}") = "RaccoonSql.Demo", "RaccoonSql.Demo\RaccoonSql.Demo.csproj", "{F2F16E87-EFF8-4E67-A2BA-7169EAA9A73E}"
EndProject
Project("{FAE04EC0-301F-11D3-BF4B-00C04F79EFBC}") = "RaccoonSql.CoreRework", "RaccoonSql.CoreRework\RaccoonSql.CoreRework.csproj", "{C54200FC-743C-42B0-9647-D207FC439D0E}"
EndProject
Project("{FAE04EC0-301F-11D3-BF4B-00C04F79EFBC}") = "ReworkDemo", "ReworkDemo\ReworkDemo.csproj", "{C92DE82D-7528-4EA4-B419-BBA4ABD5659C}"
EndProject
Project("{FAE04EC0-301F-11D3-BF4B-00C04F79EFBC}") = "RaccoonSql.CoreRework.Test", "RaccoonSql.CoreRework.Test\RaccoonSql.CoreRework.Test.csproj", "{EC97A5C7-033D-4E9B-9454-869707AF7553}"
EndProject
Global
	GlobalSection(SolutionConfigurationPlatforms) = preSolution
		Debug|Any CPU = Debug|Any CPU
		Release|Any CPU = Release|Any CPU
	EndGlobalSection
	GlobalSection(ProjectConfigurationPlatforms) = postSolution
		{1C5F593E-1D47-4858-9DC9-E866D5F09C32}.Debug|Any CPU.ActiveCfg = Debug|Any CPU
		{1C5F593E-1D47-4858-9DC9-E866D5F09C32}.Debug|Any CPU.Build.0 = Debug|Any CPU
		{1C5F593E-1D47-4858-9DC9-E866D5F09C32}.Release|Any CPU.ActiveCfg = Release|Any CPU
		{1C5F593E-1D47-4858-9DC9-E866D5F09C32}.Release|Any CPU.Build.0 = Release|Any CPU
		{F2F16E87-EFF8-4E67-A2BA-7169EAA9A73E}.Debug|Any CPU.ActiveCfg = Debug|Any CPU
		{F2F16E87-EFF8-4E67-A2BA-7169EAA9A73E}.Debug|Any CPU.Build.0 = Debug|Any CPU
		{F2F16E87-EFF8-4E67-A2BA-7169EAA9A73E}.Release|Any CPU.ActiveCfg = Release|Any CPU
		{F2F16E87-EFF8-4E67-A2BA-7169EAA9A73E}.Release|Any CPU.Build.0 = Release|Any CPU
		{C54200FC-743C-42B0-9647-D207FC439D0E}.Debug|Any CPU.ActiveCfg = Debug|Any CPU
		{C54200FC-743C-42B0-9647-D207FC439D0E}.Debug|Any CPU.Build.0 = Debug|Any CPU
		{C54200FC-743C-42B0-9647-D207FC439D0E}.Release|Any CPU.ActiveCfg = Release|Any CPU
		{C54200FC-743C-42B0-9647-D207FC439D0E}.Release|Any CPU.Build.0 = Release|Any CPU
		{C92DE82D-7528-4EA4-B419-BBA4ABD5659C}.Debug|Any CPU.ActiveCfg = Debug|Any CPU
		{C92DE82D-7528-4EA4-B419-BBA4ABD5659C}.Debug|Any CPU.Build.0 = Debug|Any CPU
		{C92DE82D-7528-4EA4-B419-BBA4ABD5659C}.Release|Any CPU.ActiveCfg = Release|Any CPU
		{C92DE82D-7528-4EA4-B419-BBA4ABD5659C}.Release|Any CPU.Build.0 = Release|Any CPU
		{EC97A5C7-033D-4E9B-9454-869707AF7553}.Debug|Any CPU.ActiveCfg = Debug|Any CPU
		{EC97A5C7-033D-4E9B-9454-869707AF7553}.Debug|Any CPU.Build.0 = Debug|Any CPU
		{EC97A5C7-033D-4E9B-9454-869707AF7553}.Release|Any CPU.ActiveCfg = Release|Any CPU
		{EC97A5C7-033D-4E9B-9454-869707AF7553}.Release|Any CPU.Build.0 = Release|Any CPU
	EndGlobalSection
EndGlobal
